# This file was autogenerated by Stack.
# You should not edit this file by hand.
# For more information, please see the documentation at:
#   https://docs.haskellstack.org/en/stable/lock_files

packages: []
snapshots:
- completed:
    sha256: d88d143974e013e69643a7ab059635300ec32d865830706e9e960eaf1725e7af
    size: 708708
    url: https://raw.githubusercontent.com/commercialhaskell/stackage-snapshots/master/nightly/2023/12/6.yaml
  original: nightly-2023-12-06
